
Microsoft Visual Studio Solution File, Format Version 12.00
# Visual Studio Version 16
VisualStudioVersion = 16.0.29709.97
MinimumVisualStudioVersion = 10.0.40219.1
Project("{8BC9CEB8-8B4A-11D0-8D11-00A0C91BC942}") = "Project1", "Project1.vcxproj", "{998F848E-232A-4C2D-B871-BBC963CBC2AE}"
EndProject
Global
	GlobalSection(SolutionConfigurationPlatforms) = preSolution
		Debug|x64 = Debug|x64
		Debug|x86 = Debug|x86
		Release|x64 = Release|x64
		Release|x86 = Release|x86
	EndGlobalSection
	GlobalSection(ProjectConfigurationPlatforms) = postSolution
		{998F848E-232A-4C2D-B871-BBC963CBC2AE}.Debug|x64.ActiveCfg = Debug|x64
		{998F848E-232A-4C2D-B871-BBC963CBC2AE}.Debug|x64.Build.0 = Debug|x64
		{998F848E-232A-4C2D-B871-BBC963CBC2AE}.Debug|x86.ActiveCfg = Debug|Win32
		{998F848E-232A-4C2D-B871-BBC963CBC2AE}.Debug|x86.Build.0 = Debug|Win32
		{998F848E-232A-4C2D-B871-BBC963CBC2AE}.Release|x64.ActiveCfg = Release|x64
		{998F848E-232A-4C2D-B871-BBC963CBC2AE}.Release|x64.Build.0 = Release|x64
		{998F848E-232A-4C2D-B871-BBC963CBC2AE}.Release|x86.ActiveCfg = Release|Win32
		{998F848E-232A-4C2D-B871-BBC963CBC2AE}.Release|x86.Build.0 = Release|Win32
	EndGlobalSection
	GlobalSection(SolutionProperties) = preSolution
		HideSolutionNode = FALSE
	EndGlobalSection
	GlobalSection(ExtensibilityGlobals) = postSolution
		SolutionGuid = {ABD1C202-8BFB-47D2-848B-D0EF6910E57D}
	EndGlobalSection
EndGlobal
